{
  "name": "codekey-miniprogram",
  "version": "1.0.0",
  "lockfileVersion": 3,
  "requires": true,
  "packages": {
    "": {
      "name": "codekey-miniprogram",
      "version": "1.0.0",
      "dependencies": {
        "@noble/ciphers": "^2.2.0",
        "mp-html": "^2.1.1"
      }
    },
    "node_modules/@noble/ciphers": {
      "version": "2.2.0",
      "resolved": "https://registry.npmjs.org/@noble/ciphers/-/ciphers-2.2.0.tgz",
      "integrity": "sha512-Z6pjIZ/8IJcCGzb2S/0Px5J81yij85xASuk1teLNeg75bfT07MV3a/O2Mtn1I2se43k3lkVEcFaR10N4cgQcZA==",
      "license": "MIT",
      "engines": {
        "node": ">= 20.19.0"
      },
      "funding": {
        "url": "https://paulmillr.com/funding/"
      }
    },
    "node_modules/mp-html": {
      "version": "2.5.2",
      "resolved": "https://registry.npmjs.org/mp-html/-/mp-html-2.5.2.tgz",
      "integrity": "sha512-45e8c32Qgux4YU4iC3qCSFsOh3y+RwPwZ+iz/vvLkDgSGWk+1zsL4WUzWWQc9w3AsAfkaD/QR0oIufIDngBmXA==",
      "license": "MIT"
    }
  }
}
